// !$*UTF8*$!
{
	archiveVersion = 1;
	classes = {
	};
	objectVersion = 46;
	objects = {

/* Begin PBXBuildFile section */
		1C99ADD219E2E3CE0089C599 /* OWSpaceDataViewController.m in Sources */ = {isa = PBXBuildFile; fileRef = 1C99ADD119E2E3CE0089C599 /* OWSpaceDataViewController.m */; };
		8401E24D19DFEAF600E7A767 /* main.m in Sources */ = {isa = PBXBuildFile; fileRef = 8401E24C19DFEAF600E7A767 /* main.m */; };
		8401E25019DFEAF600E7A767 /* AppDelegate.m in Sources */ = {isa = PBXBuildFile; fileRef = 8401E24F19DFEAF600E7A767 /* AppDelegate.m */; };
		8401E25619DFEAF600E7A767 /* Main.storyboard in Resources */ = {isa = PBXBuildFile; fileRef = 8401E25419DFEAF600E7A767 /* Main.storyboard */; };
		8401E25819DFEAF600E7A767 /* Images.xcassets in Resources */ = {isa = PBXBuildFile; fileRef = 8401E25719DFEAF600E7A767 /* Images.xcassets */; };
		8401E25B19DFEAF600E7A767 /* LaunchScreen.xib in Resources */ = {isa = PBXBuildFile; fileRef = 8401E25919DFEAF600E7A767 /* LaunchScreen.xib */; };
		8401E26719DFEAF600E7A767 /* Out_of_this_WorldTests.m in Sources */ = {isa = PBXBuildFile; fileRef = 8401E26619DFEAF600E7A767 /* Out_of_this_WorldTests.m */; };
		8430CEC119DFF3DF005D3775 /* OWOuterSpaceTableViewController.m in Sources */ = {isa = PBXBuildFile; fileRef = 8430CEC019DFF3DF005D3775 /* OWOuterSpaceTableViewController.m */; };
		8430CEC419E003E0005D3775 /* AstronomicalData.m in Sources */ = {isa = PBXBuildFile; fileRef = 8430CEC319E003E0005D3775 /* AstronomicalData.m */; };
		84FFF9A619E0F29A00A83923 /* Earth.jpg in Resources */ = {isa = PBXBuildFile; fileRef = 84FFF99C19E0F29A00A83923 /* Earth.jpg */; };
		84FFF9A719E0F29A00A83923 /* EinsteinRing.jpg in Resources */ = {isa = PBXBuildFile; fileRef = 84FFF99D19E0F29A00A83923 /* EinsteinRing.jpg */; };
		84FFF9A819E0F29A00A83923 /* Jupiter.jpg in Resources */ = {isa = PBXBuildFile; fileRef = 84FFF99E19E0F29A00A83923 /* Jupiter.jpg */; };
		84FFF9A919E0F29A00A83923 /* Mars.jpg in Resources */ = {isa = PBXBuildFile; fileRef = 84FFF99F19E0F29A00A83923 /* Mars.jpg */; };
		84FFF9AA19E0F29A00A83923 /* Mercury.jpg in Resources */ = {isa = PBXBuildFile; fileRef = 84FFF9A019E0F29A00A83923 /* Mercury.jpg */; };
		84FFF9AB19E0F29A00A83923 /* Neptune.jpg in Resources */ = {isa = PBXBuildFile; fileRef = 84FFF9A119E0F29A00A83923 /* Neptune.jpg */; };
		84FFF9AC19E0F29A00A83923 /* Orion.jpg in Resources */ = {isa = PBXBuildFile; fileRef = 84FFF9A219E0F29A00A83923 /* Orion.jpg */; };
		84FFF9AD19E0F29A00A83923 /* Saturn.jpg in Resources */ = {isa = PBXBuildFile; fileRef = 84FFF9A319E0F29A00A83923 /* Saturn.jpg */; };
		84FFF9AE19E0F29A00A83923 /* Uranus.jpg in Resources */ = {isa = PBXBuildFile; fileRef = 84FFF9A419E0F29A00A83923 /* Uranus.jpg */; };
		84FFF9AF19E0F29A00A83923 /* Venus.jpg in Resources */ = {isa = PBXBuildFile; fileRef = 84FFF9A519E0F29A00A83923 /* Venus.jpg */; };
		84FFF9B219E0F2F200A83923 /* OWSpaceObject.m in Sources */ = {isa = PBXBuildFile; fileRef = 84FFF9B119E0F2F200A83923 /* OWSpaceObject.m */; };
		84FFF9F319E145FF00A83923 /* OWSpaceImageViewController.m in Sources */ = {isa = PBXBuildFile; fileRef = 84FFF9F219E145FF00A83923 /* OWSpaceImageViewController.m */; };
/* End PBXBuildFile section */

/* Begin PBXContainerItemProxy section */
		8401E26119DFEAF600E7A767 /* PBXContainerItemProxy */ = {
			isa = PBXContainerItemProxy;
			containerPortal = 8401E23F19DFEAF600E7A767 /* Project object */;
			proxyType = 1;
			remoteGlobalIDString = 8401E24619DFEAF600E7A767;
			remoteInfo = "Out of this World";
		};
/* End PBXContainerItemProxy section */

/* Begin PBXFileReference section */
		1C99ADD019E2E3CE0089C599 /* OWSpaceDataViewController.h */ = {isa = PBXFileReference; fileEncoding = 4; lastKnownFileType = sourcecode.c.h; path = OWSpaceDataViewController.h; sourceTree = "<group>"; };
		1C99ADD119E2E3CE0089C599 /* OWSpaceDataViewController.m */ = {isa = PBXFileReference; fileEncoding = 4; lastKnownFileType = sourcecode.c.objc; path = OWSpaceDataViewController.m; sourceTree = "<group>"; };
		8401E24719DFEAF600E7A767 /* Out of this World.app */ = {isa = PBXFileReference; explicitFileType = wrapper.application; includeInIndex = 0; path = "Out of this World.app"; sourceTree = BUILT_PRODUCTS_DIR; };
		8401E24B19DFEAF600E7A767 /* Info.plist */ = {isa = PBXFileReference; lastKnownFileType = text.plist.xml; path = Info.plist; sourceTree = "<group>"; };
		8401E24C19DFEAF600E7A767 /* main.m */ = {isa = PBXFileReference; lastKnownFileType = sourcecode.c.objc; path = main.m; sourceTree = "<group>"; };
		8401E24E19DFEAF600E7A767 /* AppDelegate.h */ = {isa = PBXFileReference; lastKnownFileType = sourcecode.c.h; path = AppDelegate.h; sourceTree = "<group>"; };
		8401E24F19DFEAF600E7A767 /* AppDelegate.m */ = {isa = PBXFileReference; lastKnownFileType = sourcecode.c.objc; path = AppDelegate.m; sourceTree = "<group>"; };
		8401E25519DFEAF600E7A767 /* Base */ = {isa = PBXFileReference; lastKnownFileType = file.storyboard; name = Base; path = Base.lproj/Main.storyboard; sourceTree = "<group>"; };
		8401E25719DFEAF600E7A767 /* Images.xcassets */ = {isa = PBXFileReference; lastKnownFileType = folder.assetcatalog; path = Images.xcassets; sourceTree = "<group>"; };
		8401E25A19DFEAF600E7A767 /* Base */ = {isa = PBXFileReference; lastKnownFileType = file.xib; name = Base; path = Base.lproj/LaunchScreen.xib; sourceTree = "<group>"; };
		8401E26019DFEAF600E7A767 /* Out of this WorldTests.xctest */ = {isa = PBXFileReference; explicitFileType = wrapper.cfbundle; includeInIndex = 0; path = "Out of this WorldTests.xctest"; sourceTree = BUILT_PRODUCTS_DIR; };
		8401E26519DFEAF600E7A767 /* Info.plist */ = {isa = PBXFileReference; lastKnownFileType = text.plist.xml; path = Info.plist; sourceTree = "<group>"; };
		8401E26619DFEAF600E7A767 /* Out_of_this_WorldTests.m */ = {isa = PBXFileReference; lastKnownFileType = sourcecode.c.objc; path = Out_of_this_WorldTests.m; sourceTree = "<group>"; };
		8430CEBF19DFF3DF005D3775 /* OWOuterSpaceTableViewController.h */ = {isa = PBXFileReference; fileEncoding = 4; lastKnownFileType = sourcecode.c.h; name = OWOuterSpaceTableViewController.h; path = ../OWOuterSpaceTableViewController.h; sourceTree = "<group>"; };
		8430CEC019DFF3DF005D3775 /* OWOuterSpaceTableViewController.m */ = {isa = PBXFileReference; fileEncoding = 4; lastKnownFileType = sourcecode.c.objc; name = OWOuterSpaceTableViewController.m; path = ../OWOuterSpaceTableViewController.m; sourceTree = "<group>"; };
		8430CEC219E003E0005D3775 /* AstronomicalData.h */ = {isa = PBXFileReference; fileEncoding = 4; lastKnownFileType = sourcecode.c.h; path = AstronomicalData.h; sourceTree = "<group>"; };
		8430CEC319E003E0005D3775 /* AstronomicalData.m */ = {isa = PBXFileReference; fileEncoding = 4; lastKnownFileType = sourcecode.c.objc; path = AstronomicalData.m; sourceTree = "<group>"; };
		84FFF99C19E0F29A00A83923 /* Earth.jpg */ = {isa = PBXFileReference; lastKnownFileType = image.jpeg; path = Earth.jpg; sourceTree = "<group>"; };
		84FFF99D19E0F29A00A83923 /* EinsteinRing.jpg */ = {isa = PBXFileReference; lastKnownFileType = image.jpeg; path = EinsteinRing.jpg; sourceTree = "<group>"; };
		84FFF99E19E0F29A00A83923 /* Jupiter.jpg */ = {isa = PBXFileReference; lastKnownFileType = image.jpeg; path = Jupiter.jpg; sourceTree = "<group>"; };
		84FFF99F19E0F29A00A83923 /* Mars.jpg */ = {isa = PBXFileReference; lastKnownFileType = image.jpeg; path = Mars.jpg; sourceTree = "<group>"; };
		84FFF9A019E0F29A00A83923 /* Mercury.jpg */ = {isa = PBXFileReference; lastKnownFileType = image.jpeg; path = Mercury.jpg; sourceTree = "<group>"; };
		84FFF9A119E0F29A00A83923 /* Neptune.jpg */ = {isa = PBXFileReference; lastKnownFileType = image.jpeg; path = Neptune.jpg; sourceTree = "<group>"; };
		84FFF9A219E0F29A00A83923 /* Orion.jpg */ = {isa = PBXFileReference; lastKnownFileType = image.jpeg; path = Orion.jpg; sourceTree = "<group>"; };
		84FFF9A319E0F29A00A83923 /* Saturn.jpg */ = {isa = PBXFileReference; lastKnownFileType = image.jpeg; path = Saturn.jpg; sourceTree = "<group>"; };
		84FFF9A419E0F29A00A83923 /* Uranus.jpg */ = {isa = PBXFileReference; lastKnownFileType = image.jpeg; path = Uranus.jpg; sourceTree = "<group>"; };
		84FFF9A519E0F29A00A83923 /* Venus.jpg */ = {isa = PBXFileReference; lastKnownFileType = image.jpeg; path = Venus.jpg; sourceTree = "<group>"; };
		84FFF9B019E0F2F200A83923 /* OWSpaceObject.h */ = {isa = PBXFileReference; fileEncoding = 4; lastKnownFileType = sourcecode.c.h; path = OWSpaceObject.h; sourceTree = "<group>"; };
		84FFF9B119E0F2F200A83923 /* OWSpaceObject.m */ = {isa = PBXFileReference; fileEncoding = 4; lastKnownFileType = sourcecode.c.objc; path = OWSpaceObject.m; sourceTree = "<group>"; };
		84FFF9F119E145FF00A83923 /* OWSpaceImageViewController.h */ = {isa = PBXFileReference; fileEncoding = 4; lastKnownFileType = sourcecode.c.h; path = OWSpaceImageViewController.h; sourceTree = "<group>"; };
		84FFF9F219E145FF00A83923 /* OWSpaceImageViewController.m */ = {isa = PBXFileReference; fileEncoding = 4; lastKnownFileType = sourcecode.c.objc; path = OWSpaceImageViewController.m; sourceTree = "<group>"; };
/* End PBXFileReference section */

/* Begin PBXFrameworksBuildPhase section */
		8401E24419DFEAF600E7A767 /* Frameworks */ = {
			isa = PBXFrameworksBuildPhase;
			buildActionMask = 2147483647;
			files = (
			);
			runOnlyForDeploymentPostprocessing = 0;
		};
		8401E25D19DFEAF600E7A767 /* Frameworks */ = {
			isa = PBXFrameworksBuildPhase;
			buildActionMask = 2147483647;
			files = (
			);
			runOnlyForDeploymentPostprocessing = 0;
		};
/* End PBXFrameworksBuildPhase section */

/* Begin PBXGroup section */
		8401E23E19DFEAF600E7A767 = {
			isa = PBXGroup;
			children = (
				8401E24919DFEAF600E7A767 /* Out of this World */,
				8401E26319DFEAF600E7A767 /* Out of this WorldTests */,
				8401E24819DFEAF600E7A767 /* Products */,
			);
			sourceTree = "<group>";
		};
		8401E24819DFEAF600E7A767 /* Products */ = {
			isa = PBXGroup;
			children = (
				8401E24719DFEAF600E7A767 /* Out of this World.app */,
				8401E26019DFEAF600E7A767 /* Out of this WorldTests.xctest */,
			);
			name = Products;
			sourceTree = "<group>";
		};
		8401E24919DFEAF600E7A767 /* Out of this World */ = {
			isa = PBXGroup;
			children = (
				8401E24E19DFEAF600E7A767 /* AppDelegate.h */,
				8401E24F19DFEAF600E7A767 /* AppDelegate.m */,
				8401E25419DFEAF600E7A767 /* Main.storyboard */,
				84FFF9F119E145FF00A83923 /* OWSpaceImageViewController.h */,
				84FFF9F219E145FF00A83923 /* OWSpaceImageViewController.m */,
				8430CEBF19DFF3DF005D3775 /* OWOuterSpaceTableViewController.h */,
				8430CEC019DFF3DF005D3775 /* OWOuterSpaceTableViewController.m */,
				1C99ADD019E2E3CE0089C599 /* OWSpaceDataViewController.h */,
				1C99ADD119E2E3CE0089C599 /* OWSpaceDataViewController.m */,
				84FFF9B019E0F2F200A83923 /* OWSpaceObject.h */,
				84FFF9B119E0F2F200A83923 /* OWSpaceObject.m */,
				8401E25719DFEAF600E7A767 /* Images.xcassets */,
				8401E25919DFEAF600E7A767 /* LaunchScreen.xib */,
				8401E24A19DFEAF600E7A767 /* Supporting Files */,
			);
			path = "Out of this World";
			sourceTree = "<group>";
		};
		8401E24A19DFEAF600E7A767 /* Supporting Files */ = {
			isa = PBXGroup;
			children = (
				84FFF99C19E0F29A00A83923 /* Earth.jpg */,
				84FFF99D19E0F29A00A83923 /* EinsteinRing.jpg */,
				84FFF99E19E0F29A00A83923 /* Jupiter.jpg */,
				84FFF99F19E0F29A00A83923 /* Mars.jpg */,
				84FFF9A019E0F29A00A83923 /* Mercury.jpg */,
				84FFF9A119E0F29A00A83923 /* Neptune.jpg */,
				84FFF9A219E0F29A00A83923 /* Orion.jpg */,
				84FFF9A319E0F29A00A83923 /* Saturn.jpg */,
				84FFF9A419E0F29A00A83923 /* Uranus.jpg */,
				84FFF9A519E0F29A00A83923 /* Venus.jpg */,
				8430CEC219E003E0005D3775 /* AstronomicalData.h */,
				8430CEC319E003E0005D3775 /* AstronomicalData.m */,
				8401E24B19DFEAF600E7A767 /* Info.plist */,
				8401E24C19DFEAF600E7A767 /* main.m */,
			);
			name = "Supporting Files";
			sourceTree = "<group>";
		};
		8401E26319DFEAF600E7A767 /* Out of this WorldTests */ = {
			isa = PBXGroup;
			children = (
				8401E26619DFEAF600E7A767 /* Out_of_this_WorldTests.m */,
				8401E26419DFEAF600E7A767 /* Supporting Files */,
			);
			path = "Out of this WorldTests";
			sourceTree = "<group>";
		};
		8401E26419DFEAF600E7A767 /* Supporting Files */ = {
			isa = PBXGroup;
			children = (
				8401E26519DFEAF600E7A767 /* Info.plist */,
			);
			name = "Supporting Files";
			sourceTree = "<group>";
		};
/* End PBXGroup section */

/* Begin PBXNativeTarget section */
		8401E24619DFEAF600E7A767 /* Out of this World */ = {
			isa = PBXNativeTarget;
			buildConfigurationList = 8401E26A19DFEAF600E7A767 /* Build configuration list for PBXNativeTarget "Out of this World" */;
			buildPhases = (
				8401E24319DFEAF600E7A767 /* Sources */,
				8401E24419DFEAF600E7A767 /* Frameworks */,
				8401E24519DFEAF600E7A767 /* Resources */,
			);
			buildRules = (
			);
			dependencies = (
			);
			name = "Out of this World";
			productName = "Out of this World";
			productReference = 8401E24719DFEAF600E7A767 /* Out of this World.app */;
			productType = "com.apple.product-type.application";
		};
		8401E25F19DFEAF600E7A767 /* Out of this WorldTests */ = {
			isa = PBXNativeTarget;
			buildConfigurationList = 8401E26D19DFEAF600E7A767 /* Build configuration list for PBXNativeTarget "Out of this WorldTests" */;
			buildPhases = (
				8401E25C19DFEAF600E7A767 /* Sources */,
				8401E25D19DFEAF600E7A767 /* Frameworks */,
				8401E25E19DFEAF600E7A767 /* Resources */,
			);
			buildRules = (
			);
			dependencies = (
				8401E26219DFEAF600E7A767 /* PBXTargetDependency */,
			);
			name = "Out of this WorldTests";
			productName = "Out of this WorldTests";
			productReference = 8401E26019DFEAF600E7A767 /* Out of this WorldTests.xctest */;
			productType = "com.apple.product-type.bundle.unit-test";
		};
/* End PBXNativeTarget section */

/* Begin PBXProject section */
		8401E23F19DFEAF600E7A767 /* Project object */ = {
			isa = PBXProject;
			attributes = {
				LastUpgradeCheck = 0600;
				ORGANIZATIONNAME = Bonaliza;
				TargetAttributes = {
					8401E24619DFEAF600E7A767 = {
						CreatedOnToolsVersion = 6.0.1;
					};
					8401E25F19DFEAF600E7A767 = {
						CreatedOnToolsVersion = 6.0.1;
						TestTargetID = 8401E24619DFEAF600E7A767;
					};
				};
			};
			buildConfigurationList = 8401E24219DFEAF600E7A767 /* Build configuration list for PBXProject "Out of this World" */;
			compatibilityVersion = "Xcode 3.2";
			developmentRegion = English;
			hasScannedForEncodings = 0;
			knownRegions = (
				en,
				Base,
			);
			mainGroup = 8401E23E19DFEAF600E7A767;
			productRefGroup = 8401E24819DFEAF600E7A767 /* Products */;
			projectDirPath = "";
			projectRoot = "";
			targets = (
				8401E24619DFEAF600E7A767 /* Out of this World */,
				8401E25F19DFEAF600E7A767 /* Out of this WorldTests */,
			);
		};
/* End PBXProject section */

/* Begin PBXResourcesBuildPhase section */
		8401E24519DFEAF600E7A767 /* Resources */ = {
			isa = PBXResourcesBuildPhase;
			buildActionMask = 2147483647;
			files = (
				84FFF9A619E0F29A00A83923 /* Earth.jpg in Resources */,
				84FFF9AF19E0F29A00A83923 /* Venus.jpg in Resources */,
				84FFF9AA19E0F29A00A83923 /* Mercury.jpg in Resources */,
				84FFF9AD19E0F29A00A83923 /* Saturn.jpg in Resources */,
				84FFF9AE19E0F29A00A83923 /* Uranus.jpg in Resources */,
				8401E25619DFEAF600E7A767 /* Main.storyboard in Resources */,
				84FFF9AB19E0F29A00A83923 /* Neptune.jpg in Resources */,
				84FFF9A919E0F29A00A83923 /* Mars.jpg in Resources */,
				8401E25B19DFEAF600E7A767 /* LaunchScreen.xib in Resources */,
				8401E25819DFEAF600E7A767 /* Images.xcassets in Resources */,
				84FFF9A719E0F29A00A83923 /* EinsteinRing.jpg in Resources */,
				84FFF9A819E0F29A00A83923 /* Jupiter.jpg in Resources */,
				84FFF9AC19E0F29A00A83923 /* Orion.jpg in Resources */,
			);
			runOnlyForDeploymentPostprocessing = 0;
		};
		8401E25E19DFEAF600E7A767 /* Resources */ = {
			isa = PBXResourcesBuildPhase;
			buildActionMask = 2147483647;
			files = (
			);
			runOnlyForDeploymentPostprocessing = 0;
		};
/* End PBXResourcesBuildPhase section */

/* Begin PBXSourcesBuildPhase section */
		8401E24319DFEAF600E7A767 /* Sources */ = {
			isa = PBXSourcesBuildPhase;
			buildActionMask = 2147483647;
			files = (
				8430CEC119DFF3DF005D3775 /* OWOuterSpaceTableViewController.m in Sources */,
				84FFF9B219E0F2F200A83923 /* OWSpaceObject.m in Sources */,
				8401E25019DFEAF600E7A767 /* AppDelegate.m in Sources */,
				8401E24D19DFEAF600E7A767 /* main.m in Sources */,
				8430CEC419E003E0005D3775 /* AstronomicalData.m in Sources */,
				1C99ADD219E2E3CE0089C599 /* OWSpaceDataViewController.m in Sources */,
				84FFF9F319E145FF00A83923 /* OWSpaceImageViewController.m in Sources */,
			);
			runOnlyForDeploymentPostprocessing = 0;
		};
		8401E25C19DFEAF600E7A767 /* Sources */ = {
			isa = PBXSourcesBuildPhase;
			buildActionMask = 2147483647;
			files = (
				8401E26719DFEAF600E7A767 /* Out_of_this_WorldTests.m in Sources */,
			);
			runOnlyForDeploymentPostprocessing = 0;
		};
/* End PBXSourcesBuildPhase section */

/* Begin PBXTargetDependency section */
		8401E26219DFEAF600E7A767 /* PBXTargetDependency */ = {
			isa = PBXTargetDependency;
			target = 8401E24619DFEAF600E7A767 /* Out of this World */;
			targetProxy = 8401E26119DFEAF600E7A767 /* PBXContainerItemProxy */;
		};
/* End PBXTargetDependency section */

/* Begin PBXVariantGroup section */
		8401E25419DFEAF600E7A767 /* Main.storyboard */ = {
			isa = PBXVariantGroup;
			children = (
				8401E25519DFEAF600E7A767 /* Base */,
			);
			name = Main.storyboard;
			sourceTree = "<group>";
		};
		8401E25919DFEAF600E7A767 /* LaunchScreen.xib */ = {
			isa = PBXVariantGroup;
			children = (
				8401E25A19DFEAF600E7A767 /* Base */,
			);
			name = LaunchScreen.xib;
			sourceTree = "<group>";
		};
/* End PBXVariantGroup section */

/* Begin XCBuildConfiguration section */
		8401E26819DFEAF600E7A767 /* Debug */ = {
			isa = XCBuildConfiguration;
			buildSettings = {
				ALWAYS_SEARCH_USER_PATHS = NO;
				CLANG_CXX_LANGUAGE_STANDARD = "gnu++0x";
				CLANG_CXX_LIBRARY = "libc++";
				CLANG_ENABLE_MODULES = YES;
				CLANG_ENABLE_OBJC_ARC = YES;
				CLANG_WARN_BOOL_CONVERSION = YES;
				CLANG_WARN_CONSTANT_CONVERSION = YES;
				CLANG_WARN_DIRECT_OBJC_ISA_USAGE = YES_ERROR;
				CLANG_WARN_EMPTY_BODY = YES;
				CLANG_WARN_ENUM_CONVERSION = YES;
				CLANG_WARN_INT_CONVERSION = YES;
				CLANG_WARN_OBJC_ROOT_CLASS = YES_ERROR;
				CLANG_WARN_UNREACHABLE_CODE = YES;
				CLANG_WARN__DUPLICATE_METHOD_MATCH = YES;
				"CODE_SIGN_IDENTITY[sdk=iphoneos*]" = "iPhone Developer";
				COPY_PHASE_STRIP = NO;
				ENABLE_STRICT_OBJC_MSGSEND = YES;
				GCC_C_LANGUAGE_STANDARD = gnu99;
				GCC_DYNAMIC_NO_PIC = NO;
				GCC_OPTIMIZATION_LEVEL = 0;
				GCC_PREPROCESSOR_DEFINITIONS = (
					"DEBUG=1",
					"$(inherited)",
				);
				GCC_SYMBOLS_PRIVATE_EXTERN = NO;
				GCC_WARN_64_TO_32_BIT_CONVERSION = YES;
				GCC_WARN_ABOUT_RETURN_TYPE = YES_ERROR;
				GCC_WARN_UNDECLARED_SELECTOR = YES;
				GCC_WARN_UNINITIALIZED_AUTOS = YES_AGGRESSIVE;
				GCC_WARN_UNUSED_FUNCTION = YES;
				GCC_WARN_UNUSED_VARIABLE = YES;
				IPHONEOS_DEPLOYMENT_TARGET = 8.0;
				MTL_ENABLE_DEBUG_INFO = YES;
				ONLY_ACTIVE_ARCH = YES;
				SDKROOT = iphoneos;
			};
			name = Debug;
		};
		8401E26919DFEAF600E7A767 /* Release */ = {
			isa = XCBuildConfiguration;
			buildSettings = {
				ALWAYS_SEARCH_USER_PATHS = NO;
				CLANG_CXX_LANGUAGE_STANDARD = "gnu++0x";
				CLANG_CXX_LIBRARY = "libc++";
				CLANG_ENABLE_MODULES = YES;
				CLANG_ENABLE_OBJC_ARC = YES;
				CLANG_WARN_BOOL_CONVERSION = YES;
				CLANG_WARN_CONSTANT_CONVERSION = YES;
				CLANG_WARN_DIRECT_OBJC_ISA_USAGE = YES_ERROR;
				CLANG_WARN_EMPTY_BODY = YES;
				CLANG_WARN_ENUM_CONVERSION = YES;
				CLANG_WARN_INT_CONVERSION = YES;
				CLANG_WARN_OBJC_ROOT_CLASS = YES_ERROR;
				CLANG_WARN_UNREACHABLE_CODE = YES;
				CLANG_WARN__DUPLICATE_METHOD_MATCH = YES;
				"CODE_SIGN_IDENTITY[sdk=iphoneos*]" = "iPhone Developer";
				COPY_PHASE_STRIP = YES;
				ENABLE_NS_ASSERTIONS = NO;
				ENABLE_STRICT_OBJC_MSGSEND = YES;
				GCC_C_LANGUAGE_STANDARD = gnu99;
				GCC_WARN_64_TO_32_BIT_CONVERSION = YES;
				GCC_WARN_ABOUT_RETURN_TYPE = YES_ERROR;
				GCC_WARN_UNDECLARED_SELECTOR = YES;
				GCC_WARN_UNINITIALIZED_AUTOS = YES_AGGRESSIVE;
				GCC_WARN_UNUSED_FUNCTION = YES;
				GCC_WARN_UNUSED_VARIABLE = YES;
				IPHONEOS_DEPLOYMENT_TARGET = 8.0;
				MTL_ENABLE_DEBUG_INFO = NO;
				SDKROOT = iphoneos;
				VALIDATE_PRODUCT = YES;
			};
			name = Release;
		};
		8401E26B19DFEAF600E7A767 /* Debug */ = {
			isa = XCBuildConfiguration;
			buildSettings = {
				ASSETCATALOG_COMPILER_APPICON_NAME = AppIcon;
				INFOPLIST_FILE = "Out of this World/Info.plist";
				LD_RUNPATH_SEARCH_PATHS = "$(inherited) @executable_path/Frameworks";
				PRODUCT_NAME = "$(TARGET_NAME)";
			};
			name = Debug;
		};
		8401E26C19DFEAF600E7A767 /* Release */ = {
			isa = XCBuildConfiguration;
			buildSettings = {
				ASSETCATALOG_COMPILER_APPICON_NAME = AppIcon;
				INFOPLIST_FILE = "Out of this World/Info.plist";
				LD_RUNPATH_SEARCH_PATHS = "$(inherited) @executable_path/Frameworks";
				PRODUCT_NAME = "$(TARGET_NAME)";
			};
			name = Release;
		};
		8401E26E19DFEAF600E7A767 /* Debug */ = {
			isa = XCBuildConfiguration;
			buildSettings = {
				BUNDLE_LOADER = "$(TEST_HOST)";
				FRAMEWORK_SEARCH_PATHS = (
					"$(SDKROOT)/Developer/Library/Frameworks",
					"$(inherited)",
				);
				GCC_PREPROCESSOR_DEFINITIONS = (
					"DEBUG=1",
					"$(inherited)",
				);
				INFOPLIST_FILE = "Out of this WorldTests/Info.plist";
				LD_RUNPATH_SEARCH_PATHS = "$(inherited) @executable_path/Frameworks @loader_path/Frameworks";
				PRODUCT_NAME = "$(TARGET_NAME)";
				TEST_HOST = "$(BUILT_PRODUCTS_DIR)/Out of this World.app/Out of this World";
			};
			name = Debug;
		};
		8401E26F19DFEAF600E7A767 /* Release */ = {
			isa = XCBuildConfiguration;
			buildSettings = {
				BUNDLE_LOADER = "$(TEST_HOST)";
				FRAMEWORK_SEARCH_PATHS = (
					"$(SDKROOT)/Developer/Library/Frameworks",
					"$(inherited)",
				);
				INFOPLIST_FILE = "Out of this WorldTests/Info.plist";
				LD_RUNPATH_SEARCH_PATHS = "$(inherited) @executable_path/Frameworks @loader_path/Frameworks";
				PRODUCT_NAME = "$(TARGET_NAME)";
				TEST_HOST = "$(BUILT_PRODUCTS_DIR)/Out of this World.app/Out of this World";
			};
			name = Release;
		};
/* End XCBuildConfiguration section */

/* Begin XCConfigurationList section */
		8401E24219DFEAF600E7A767 /* Build configuration list for PBXProject "Out of this World" */ = {
			isa = XCConfigurationList;
			buildConfigurations = (
				8401E26819DFEAF600E7A767 /* Debug */,
				8401E26919DFEAF600E7A767 /* Release */,
			);
			defaultConfigurationIsVisible = 0;
			defaultConfigurationName = Release;
		};
		8401E26A19DFEAF600E7A767 /* Build configuration list for PBXNativeTarget "Out of this World" */ = {
			isa = XCConfigurationList;
			buildConfigurations = (
				8401E26B19DFEAF600E7A767 /* Debug */,
				8401E26C19DFEAF600E7A767 /* Release */,
			);
			defaultConfigurationIsVisible = 0;
			defaultConfigurationName = Release;
		};
		8401E26D19DFEAF600E7A767 /* Build configuration list for PBXNativeTarget "Out of this WorldTests" */ = {
			isa = XCConfigurationList;
			buildConfigurations = (
				8401E26E19DFEAF600E7A767 /* Debug */,
				8401E26F19DFEAF600E7A767 /* Release */,
			);
			defaultConfigurationIsVisible = 0;
			defaultConfigurationName = Release;
		};
/* End XCConfigurationList section */
	};
	rootObject = 8401E23F19DFEAF600E7A767 /* Project object */;
}
